// !$*UTF8*$!
{
	archiveVersion = 1;
	classes = {
	};
	objectVersion = 56;
	objects = {

/* Begin PBXBuildFile section */
		F52F7F3F29074C27001C48BE /* AppDelegate.swift in Sources */ = {isa = PBXBuildFile; fileRef = F52F7F3E29074C27001C48BE /* AppDelegate.swift */; };
		F52F7F4129074C27001C48BE /* SceneDelegate.swift in Sources */ = {isa = PBXBuildFile; fileRef = F52F7F4029074C27001C48BE /* SceneDelegate.swift */; };
		F52F7F4329074C27001C48BE /* ViewController.swift in Sources */ = {isa = PBXBuildFile; fileRef = F52F7F4229074C27001C48BE /* ViewController.swift */; };
		F52F7F4629074C27001C48BE /* Main.storyboard in Resources */ = {isa = PBXBuildFile; fileRef = F52F7F4429074C27001C48BE /* Main.storyboard */; };
		F52F7F4829074C28001C48BE /* Assets.xcassets in Resources */ = {isa = PBXBuildFile; fileRef = F52F7F4729074C28001C48BE /* Assets.xcassets */; };
		F52F7F4B29074C28001C48BE /* LaunchScreen.storyboard in Resources */ = {isa = PBXBuildFile; fileRef = F52F7F4929074C28001C48BE /* LaunchScreen.storyboard */; };
		F52F7F5329075247001C48BE /* SignUpStep1ViewController.swift in Sources */ = {isa = PBXBuildFile; fileRef = F52F7F5229075247001C48BE /* SignUpStep1ViewController.swift */; };
		F52F7F552907526E001C48BE /* SignUpStep2ViewController.swift in Sources */ = {isa = PBXBuildFile; fileRef = F52F7F542907526E001C48BE /* SignUpStep2ViewController.swift */; };
		F52F7F57290752A0001C48BE /* User.swift in Sources */ = {isa = PBXBuildFile; fileRef = F52F7F56290752A0001C48BE /* User.swift */; };
		F52F7F592907EDC6001C48BE /* SignUpStep3ViewController.swift in Sources */ = {isa = PBXBuildFile; fileRef = F52F7F582907EDC6001C48BE /* SignUpStep3ViewController.swift */; };
		F5E245C72908A3C2006AD2A3 /* DiceViewController.swift in Sources */ = {isa = PBXBuildFile; fileRef = F5E245C62908A3C2006AD2A3 /* DiceViewController.swift */; };
		F5E245C92908A405006AD2A3 /* TicTacToeViewController.swift in Sources */ = {isa = PBXBuildFile; fileRef = F5E245C82908A405006AD2A3 /* TicTacToeViewController.swift */; };
/* End PBXBuildFile section */

/* Begin PBXFileReference section */
		F52F7F3B29074C27001C48BE /* multipage_app.app */ = {isa = PBXFileReference; explicitFileType = wrapper.application; includeInIndex = 0; path = multipage_app.app; sourceTree = BUILT_PRODUCTS_DIR; };
		F52F7F3E29074C27001C48BE /* AppDelegate.swift */ = {isa = PBXFileReference; lastKnownFileType = sourcecode.swift; path = AppDelegate.swift; sourceTree = "<group>"; };
		F52F7F4029074C27001C48BE /* SceneDelegate.swift */ = {isa = PBXFileReference; lastKnownFileType = sourcecode.swift; path = SceneDelegate.swift; sourceTree = "<group>"; };
		F52F7F4229074C27001C48BE /* ViewController.swift */ = {isa = PBXFileReference; lastKnownFileType = sourcecode.swift; path = ViewController.swift; sourceTree = "<group>"; };
		F52F7F4529074C27001C48BE /* Base */ = {isa = PBXFileReference; lastKnownFileType = file.storyboard; name = Base; path = Base.lproj/Main.storyboard; sourceTree = "<group>"; };
		F52F7F4729074C28001C48BE /* Assets.xcassets */ = {isa = PBXFileReference; lastKnownFileType = folder.assetcatalog; path = Assets.xcassets; sourceTree = "<group>"; };
		F52F7F4A29074C28001C48BE /* Base */ = {isa = PBXFileReference; lastKnownFileType = file.storyboard; name = Base; path = Base.lproj/LaunchScreen.storyboard; sourceTree = "<group>"; };
		F52F7F4C29074C28001C48BE /* Info.plist */ = {isa = PBXFileReference; lastKnownFileType = text.plist.xml; path = Info.plist; sourceTree = "<group>"; };
		F52F7F5229075247001C48BE /* SignUpStep1ViewController.swift */ = {isa = PBXFileReference; lastKnownFileType = sourcecode.swift; path = SignUpStep1ViewController.swift; sourceTree = "<group>"; };
		F52F7F542907526E001C48BE /* SignUpStep2ViewController.swift */ = {isa = PBXFileReference; lastKnownFileType = sourcecode.swift; path = SignUpStep2ViewController.swift; sourceTree = "<group>"; };
		F52F7F56290752A0001C48BE /* User.swift */ = {isa = PBXFileReference; lastKnownFileType = sourcecode.swift; path = User.swift; sourceTree = "<group>"; };
		F52F7F582907EDC6001C48BE /* SignUpStep3ViewController.swift */ = {isa = PBXFileReference; lastKnownFileType = sourcecode.swift; path = SignUpStep3ViewController.swift; sourceTree = "<group>"; };
		F5E245C62908A3C2006AD2A3 /* DiceViewController.swift */ = {isa = PBXFileReference; lastKnownFileType = sourcecode.swift; path = DiceViewController.swift; sourceTree = "<group>"; };
		F5E245C82908A405006AD2A3 /* TicTacToeViewController.swift */ = {isa = PBXFileReference; lastKnownFileType = sourcecode.swift; path = TicTacToeViewController.swift; sourceTree = "<group>"; };
/* End PBXFileReference section */

/* Begin PBXFrameworksBuildPhase section */
		F52F7F3829074C27001C48BE /* Frameworks */ = {
			isa = PBXFrameworksBuildPhase;
			buildActionMask = 2147483647;
			files = (
			);
			runOnlyForDeploymentPostprocessing = 0;
		};
/* End PBXFrameworksBuildPhase section */

/* Begin PBXGroup section */
		F52F7F3229074C27001C48BE = {
			isa = PBXGroup;
			children = (
				F52F7F3D29074C27001C48BE /* multipage_app */,
				F52F7F3C29074C27001C48BE /* Products */,
			);
			sourceTree = "<group>";
		};
		F52F7F3C29074C27001C48BE /* Products */ = {
			isa = PBXGroup;
			children = (
				F52F7F3B29074C27001C48BE /* multipage_app.app */,
			);
			name = Products;
			sourceTree = "<group>";
		};
		F52F7F3D29074C27001C48BE /* multipage_app */ = {
			isa = PBXGroup;
			children = (
				F52F7F3E29074C27001C48BE /* AppDelegate.swift */,
				F52F7F4029074C27001C48BE /* SceneDelegate.swift */,
				F52F7F4229074C27001C48BE /* ViewController.swift */,
				F52F7F4429074C27001C48BE /* Main.storyboard */,
				F52F7F4729074C28001C48BE /* Assets.xcassets */,
				F52F7F4929074C28001C48BE /* LaunchScreen.storyboard */,
				F52F7F4C29074C28001C48BE /* Info.plist */,
				F52F7F5229075247001C48BE /* SignUpStep1ViewController.swift */,
				F52F7F542907526E001C48BE /* SignUpStep2ViewController.swift */,
				F52F7F56290752A0001C48BE /* User.swift */,
				F52F7F582907EDC6001C48BE /* SignUpStep3ViewController.swift */,
				F5E245C62908A3C2006AD2A3 /* DiceViewController.swift */,
				F5E245C82908A405006AD2A3 /* TicTacToeViewController.swift */,
			);
			path = multipage_app;
			sourceTree = "<group>";
		};
/* End PBXGroup section */

/* Begin PBXNativeTarget section */
		F52F7F3A29074C27001C48BE /* multipage_app */ = {
			isa = PBXNativeTarget;
			buildConfigurationList = F52F7F4F29074C28001C48BE /* Build configuration list for PBXNativeTarget "multipage_app" */;
			buildPhases = (
				F52F7F3729074C27001C48BE /* Sources */,
				F52F7F3829074C27001C48BE /* Frameworks */,
				F52F7F3929074C27001C48BE /* Resources */,
			);
			buildRules = (
			);
			dependencies = (
			);
			name = multipage_app;
			productName = multipage_app;
			productReference = F52F7F3B29074C27001C48BE /* multipage_app.app */;
			productType = "com.apple.product-type.application";
		};
/* End PBXNativeTarget section */

/* Begin PBXProject section */
		F52F7F3329074C27001C48BE /* Project object */ = {
			isa = PBXProject;
			attributes = {
				BuildIndependentTargetsInParallel = 1;
				LastSwiftUpdateCheck = 1400;
				LastUpgradeCheck = 1400;
				TargetAttributes = {
					F52F7F3A29074C27001C48BE = {
						CreatedOnToolsVersion = 14.0.1;
					};
				};
			};
			buildConfigurationList = F52F7F3629074C27001C48BE /* Build configuration list for PBXProject "multipage_app" */;
			compatibilityVersion = "Xcode 14.0";
			developmentRegion = en;
			hasScannedForEncodings = 0;
			knownRegions = (
				en,
				Base,
			);
			mainGroup = F52F7F3229074C27001C48BE;
			productRefGroup = F52F7F3C29074C27001C48BE /* Products */;
			projectDirPath = "";
			projectRoot = "";
			targets = (
				F52F7F3A29074C27001C48BE /* multipage_app */,
			);
		};
/* End PBXProject section */

/* Begin PBXResourcesBuildPhase section */
		F52F7F3929074C27001C48BE /* Resources */ = {
			isa = PBXResourcesBuildPhase;
			buildActionMask = 2147483647;
			files = (
				F52F7F4B29074C28001C48BE /* LaunchScreen.storyboard in Resources */,
				F52F7F4829074C28001C48BE /* Assets.xcassets in Resources */,
				F52F7F4629074C27001C48BE /* Main.storyboard in Resources */,
			);
			runOnlyForDeploymentPostprocessing = 0;
		};
/* End PBXResourcesBuildPhase section */

/* Begin PBXSourcesBuildPhase section */
		F52F7F3729074C27001C48BE /* Sources */ = {
			isa = PBXSourcesBuildPhase;
			buildActionMask = 2147483647;
			files = (
				F52F7F5329075247001C48BE /* SignUpStep1ViewController.swift in Sources */,
				F52F7F4329074C27001C48BE /* ViewController.swift in Sources */,
				F52F7F57290752A0001C48BE /* User.swift in Sources */,
				F5E245C92908A405006AD2A3 /* TicTacToeViewController.swift in Sources */,
				F52F7F552907526E001C48BE /* SignUpStep2ViewController.swift in Sources */,
				F52F7F3F29074C27001C48BE /* AppDelegate.swift in Sources */,
				F52F7F592907EDC6001C48BE /* SignUpStep3ViewController.swift in Sources */,
				F52F7F4129074C27001C48BE /* SceneDelegate.swift in Sources */,
				F5E245C72908A3C2006AD2A3 /* DiceViewController.swift in Sources */,
			);
			runOnlyForDeploymentPostprocessing = 0;
		};
/* End PBXSourcesBuildPhase section */

/* Begin PBXVariantGroup section */
		F52F7F4429074C27001C48BE /* Main.storyboard */ = {
			isa = PBXVariantGroup;
			children = (
				F52F7F4529074C27001C48BE /* Base */,
			);
			name = Main.storyboard;
			sourceTree = "<group>";
		};
		F52F7F4929074C28001C48BE /* LaunchScreen.storyboard */ = {
			isa = PBXVariantGroup;
			children = (
				F52F7F4A29074C28001C48BE /* Base */,
			);
			name = LaunchScreen.storyboard;
			sourceTree = "<group>";
		};
/* End PBXVariantGroup section */

/* Begin XCBuildConfiguration section */
		F52F7F4D29074C28001C48BE /* Debug */ = {
			isa = XCBuildConfiguration;
			buildSettings = {
				ALWAYS_SEARCH_USER_PATHS = NO;
				CLANG_ANALYZER_NONNULL = YES;
				CLANG_ANALYZER_NUMBER_OBJECT_CONVERSION = YES_AGGRESSIVE;
				CLANG_CXX_LANGUAGE_STANDARD = "gnu++20";
				CLANG_ENABLE_MODULES = YES;
				CLANG_ENABLE_OBJC_ARC = YES;
				CLANG_ENABLE_OBJC_WEAK = YES;
				CLANG_WARN_BLOCK_CAPTURE_AUTORELEASING = YES;
				CLANG_WARN_BOOL_CONVERSION = YES;
				CLANG_WARN_COMMA = YES;
				CLANG_WARN_CONSTANT_CONVERSION = YES;
				CLANG_WARN_DEPRECATED_OBJC_IMPLEMENTATIONS = YES;
				CLANG_WARN_DIRECT_OBJC_ISA_USAGE = YES_ERROR;
				CLANG_WARN_DOCUMENTATION_COMMENTS = YES;
				CLANG_WARN_EMPTY_BODY = YES;
				CLANG_WARN_ENUM_CONVERSION = YES;
				CLANG_WARN_INFINITE_RECURSION = YES;
				CLANG_WARN_INT_CONVERSION = YES;
				CLANG_WARN_NON_LITERAL_NULL_CONVERSION = YES;
				CLANG_WARN_OBJC_IMPLICIT_RETAIN_SELF = YES;
				CLANG_WARN_OBJC_LITERAL_CONVERSION = YES;
				CLANG_WARN_OBJC_ROOT_CLASS = YES_ERROR;
				CLANG_WARN_QUOTED_INCLUDE_IN_FRAMEWORK_HEADER = YES;
				CLANG_WARN_RANGE_LOOP_ANALYSIS = YES;
				CLANG_WARN_STRICT_PROTOTYPES = YES;
				CLANG_WARN_SUSPICIOUS_MOVE = YES;
				CLANG_WARN_UNGUARDED_AVAILABILITY = YES_AGGRESSIVE;
				CLANG_WARN_UNREACHABLE_CODE = YES;
				CLANG_WARN__DUPLICATE_METHOD_MATCH = YES;
				COPY_PHASE_STRIP = NO;
				DEBUG_INFORMATION_FORMAT = dwarf;
				ENABLE_STRICT_OBJC_MSGSEND = YES;
				ENABLE_TESTABILITY = YES;
				GCC_C_LANGUAGE_STANDARD = gnu11;
				GCC_DYNAMIC_NO_PIC = NO;
				GCC_NO_COMMON_BLOCKS = YES;
				GCC_OPTIMIZATION_LEVEL = 0;
				GCC_PREPROCESSOR_DEFINITIONS = (
					"DEBUG=1",
					"$(inherited)",
				);
				GCC_WARN_64_TO_32_BIT_CONVERSION = YES;
				GCC_WARN_ABOUT_RETURN_TYPE = YES_ERROR;
				GCC_WARN_UNDECLARED_SELECTOR = YES;
				GCC_WARN_UNINITIALIZED_AUTOS = YES_AGGRESSIVE;
				GCC_WARN_UNUSED_FUNCTION = YES;
				GCC_WARN_UNUSED_VARIABLE = YES;
				IPHONEOS_DEPLOYMENT_TARGET = 16.0;
				MTL_ENABLE_DEBUG_INFO = INCLUDE_SOURCE;
				MTL_FAST_MATH = YES;
				ONLY_ACTIVE_ARCH = YES;
				SDKROOT = iphoneos;
				SWIFT_ACTIVE_COMPILATION_CONDITIONS = DEBUG;
				SWIFT_OPTIMIZATION_LEVEL = "-Onone";
			};
			name = Debug;
		};
		F52F7F4E29074C28001C48BE /* Release */ = {
			isa = XCBuildConfiguration;
			buildSettings = {
				ALWAYS_SEARCH_USER_PATHS = NO;
				CLANG_ANALYZER_NONNULL = YES;
				CLANG_ANALYZER_NUMBER_OBJECT_CONVERSION = YES_AGGRESSIVE;
				CLANG_CXX_LANGUAGE_STANDARD = "gnu++20";
				CLANG_ENABLE_MODULES = YES;
				CLANG_ENABLE_OBJC_ARC = YES;
				CLANG_ENABLE_OBJC_WEAK = YES;
				CLANG_WARN_BLOCK_CAPTURE_AUTORELEASING = YES;
				CLANG_WARN_BOOL_CONVERSION = YES;
				CLANG_WARN_COMMA = YES;
				CLANG_WARN_CONSTANT_CONVERSION = YES;
				CLANG_WARN_DEPRECATED_OBJC_IMPLEMENTATIONS = YES;
				CLANG_WARN_DIRECT_OBJC_ISA_USAGE = YES_ERROR;
				CLANG_WARN_DOCUMENTATION_COMMENTS = YES;
				CLANG_WARN_EMPTY_BODY = YES;
				CLANG_WARN_ENUM_CONVERSION = YES;
				CLANG_WARN_INFINITE_RECURSION = YES;
				CLANG_WARN_INT_CONVERSION = YES;
				CLANG_WARN_NON_LITERAL_NULL_CONVERSION = YES;
				CLANG_WARN_OBJC_IMPLICIT_RETAIN_SELF = YES;
				CLANG_WARN_OBJC_LITERAL_CONVERSION = YES;
				CLANG_WARN_OBJC_ROOT_CLASS = YES_ERROR;
				CLANG_WARN_QUOTED_INCLUDE_IN_FRAMEWORK_HEADER = YES;
				CLANG_WARN_RANGE_LOOP_ANALYSIS = YES;
				CLANG_WARN_STRICT_PROTOTYPES = YES;
				CLANG_WARN_SUSPICIOUS_MOVE = YES;
				CLANG_WARN_UNGUARDED_AVAILABILITY = YES_AGGRESSIVE;
				CLANG_WARN_UNREACHABLE_CODE = YES;
				CLANG_WARN__DUPLICATE_METHOD_MATCH = YES;
				COPY_PHASE_STRIP = NO;
				DEBUG_INFORMATION_FORMAT = "dwarf-with-dsym";
				ENABLE_NS_ASSERTIONS = NO;
				ENABLE_STRICT_OBJC_MSGSEND = YES;
				GCC_C_LANGUAGE_STANDARD = gnu11;
				GCC_NO_COMMON_BLOCKS = YES;
				GCC_WARN_64_TO_32_BIT_CONVERSION = YES;
				GCC_WARN_ABOUT_RETURN_TYPE = YES_ERROR;
				GCC_WARN_UNDECLARED_SELECTOR = YES;
				GCC_WARN_UNINITIALIZED_AUTOS = YES_AGGRESSIVE;
				GCC_WARN_UNUSED_FUNCTION = YES;
				GCC_WARN_UNUSED_VARIABLE = YES;
				IPHONEOS_DEPLOYMENT_TARGET = 16.0;
				MTL_ENABLE_DEBUG_INFO = NO;
				MTL_FAST_MATH = YES;
				SDKROOT = iphoneos;
				SWIFT_COMPILATION_MODE = wholemodule;
				SWIFT_OPTIMIZATION_LEVEL = "-O";
				VALIDATE_PRODUCT = YES;
			};
			name = Release;
		};
		F52F7F5029074C28001C48BE /* Debug */ = {
			isa = XCBuildConfiguration;
			buildSettings = {
				ASSETCATALOG_COMPILER_APPICON_NAME = AppIcon;
				ASSETCATALOG_COMPILER_GLOBAL_ACCENT_COLOR_NAME = AccentColor;
				CODE_SIGN_STYLE = Automatic;
				CURRENT_PROJECT_VERSION = 1;
				DEVELOPMENT_TEAM = YDM4QC6KDH;
				GENERATE_INFOPLIST_FILE = YES;
				INFOPLIST_FILE = multipage_app/Info.plist;
				INFOPLIST_KEY_UIApplicationSupportsIndirectInputEvents = YES;
				INFOPLIST_KEY_UILaunchStoryboardName = LaunchScreen;
				INFOPLIST_KEY_UIMainStoryboardFile = Main;
				INFOPLIST_KEY_UISupportedInterfaceOrientations_iPad = "UIInterfaceOrientationPortrait UIInterfaceOrientationPortraitUpsideDown UIInterfaceOrientationLandscapeLeft UIInterfaceOrientationLandscapeRight";
				INFOPLIST_KEY_UISupportedInterfaceOrientations_iPhone = "UIInterfaceOrientationPortrait UIInterfaceOrientationLandscapeLeft UIInterfaceOrientationLandscapeRight";
				IPHONEOS_DEPLOYMENT_TARGET = 13.0;
				LD_RUNPATH_SEARCH_PATHS = (
					"$(inherited)",
					"@executable_path/Frameworks",
				);
				MARKETING_VERSION = 1.0;
				PRODUCT_BUNDLE_IDENTIFIER = "com.maksymov.TabView.multipage-app";
				PRODUCT_NAME = "$(TARGET_NAME)";
				SWIFT_EMIT_LOC_STRINGS = YES;
				SWIFT_VERSION = 5.0;
				TARGETED_DEVICE_FAMILY = "1,2";
			};
			name = Debug;
		};
		F52F7F5129074C28001C48BE /* Release */ = {
			isa = XCBuildConfiguration;
			buildSettings = {
				ASSETCATALOG_COMPILER_APPICON_NAME = AppIcon;
				ASSETCATALOG_COMPILER_GLOBAL_ACCENT_COLOR_NAME = AccentColor;
				CODE_SIGN_STYLE = Automatic;
				CURRENT_PROJECT_VERSION = 1;
				DEVELOPMENT_TEAM = YDM4QC6KDH;
				GENERATE_INFOPLIST_FILE = YES;
				INFOPLIST_FILE = multipage_app/Info.plist;
				INFOPLIST_KEY_UIApplicationSupportsIndirectInputEvents = YES;
				INFOPLIST_KEY_UILaunchStoryboardName = LaunchScreen;
				INFOPLIST_KEY_UIMainStoryboardFile = Main;
				INFOPLIST_KEY_UISupportedInterfaceOrientations_iPad = "UIInterfaceOrientationPortrait UIInterfaceOrientationPortraitUpsideDown UIInterfaceOrientationLandscapeLeft UIInterfaceOrientationLandscapeRight";
				INFOPLIST_KEY_UISupportedInterfaceOrientations_iPhone = "UIInterfaceOrientationPortrait UIInterfaceOrientationLandscapeLeft UIInterfaceOrientationLandscapeRight";
				IPHONEOS_DEPLOYMENT_TARGET = 13.0;
				LD_RUNPATH_SEARCH_PATHS = (
					"$(inherited)",
					"@executable_path/Frameworks",
				);
				MARKETING_VERSION = 1.0;
				PRODUCT_BUNDLE_IDENTIFIER = "com.maksymov.TabView.multipage-app";
				PRODUCT_NAME = "$(TARGET_NAME)";
				SWIFT_EMIT_LOC_STRINGS = YES;
				SWIFT_VERSION = 5.0;
				TARGETED_DEVICE_FAMILY = "1,2";
			};
			name = Release;
		};
/* End XCBuildConfiguration section */

/* Begin XCConfigurationList section */
		F52F7F3629074C27001C48BE /* Build configuration list for PBXProject "multipage_app" */ = {
			isa = XCConfigurationList;
			buildConfigurations = (
				F52F7F4D29074C28001C48BE /* Debug */,
				F52F7F4E29074C28001C48BE /* Release */,
			);
			defaultConfigurationIsVisible = 0;
			defaultConfigurationName = Release;
		};
		F52F7F4F29074C28001C48BE /* Build configuration list for PBXNativeTarget "multipage_app" */ = {
			isa = XCConfigurationList;
			buildConfigurations = (
				F52F7F5029074C28001C48BE /* Debug */,
				F52F7F5129074C28001C48BE /* Release */,
			);
			defaultConfigurationIsVisible = 0;
			defaultConfigurationName = Release;
		};
/* End XCConfigurationList section */
	};
	rootObject = F52F7F3329074C27001C48BE /* Project object */;
}
